# THIS IS AN AUTOGENERATED FILE. DO NOT EDIT THIS FILE DIRECTLY.
# yarn lockfile v1


"@wyracocha/wy-env@^1.0.1":
  version "1.0.1"
  resolved "https://registry.yarnpkg.com/@wyracocha/wy-env/-/wy-env-1.0.1.tgz#a04ddc98500023d40a17c614e3f90f816c4176bb"

hoek@5.x.x:
  version "5.0.2"
  resolved "https://registry.yarnpkg.com/hoek/-/hoek-5.0.2.tgz#d2f2c95d36fe7189cf8aa8c237abc1950eca1378"

isemail@3.x.x:
  version "3.1.0"
  resolved "https://registry.yarnpkg.com/isemail/-/isemail-3.1.0.tgz#d15156d67529d48241bc0e644df28281e21dd458"
  dependencies:
    punycode "2.x.x"

joi@^13.1.1:
  version "13.1.1"
  resolved "https://registry.yarnpkg.com/joi/-/joi-13.1.1.tgz#1f306a5c3ded496da46629915d09e1ae3825185c"
  dependencies:
    hoek "5.x.x"
    isemail "3.x.x"
    topo "3.x.x"

punycode@2.x.x:
  version "2.1.0"
  resolved "https://registry.yarnpkg.com/punycode/-/punycode-2.1.0.tgz#5f863edc89b96db09074bad7947bf09056ca4e7d"

topo@3.x.x:
  version "3.0.0"
  resolved "https://registry.yarnpkg.com/topo/-/topo-3.0.0.tgz#37e48c330efeac784538e0acd3e62ca5e231fe7a"
  dependencies:
    hoek "5.x.x"
